
Microsoft Visual Studio Solution File, Format Version 12.00
# Visual Studio Version 17
VisualStudioVersion = 17.0.31903.59
MinimumVisualStudioVersion = 10.0.40219.1
Project("{2150E333-8FDC-42A3-9474-1A3956D46DE8}") = "src", "src", "{827E0CD3-B72D-47B6-A68D-7590B98EB39B}"
EndProject
Project("{FAE04EC0-301F-11D3-BF4B-00C04F79EFBC}") = "RoiSampler.App", "src\RoiSampler.App\RoiSampler.App.csproj", "{4273981C-72CD-4288-B46D-1EB225B70388}"
EndProject
Project("{FAE04EC0-301F-11D3-BF4B-00C04F79EFBC}") = "RoiSampler.Core", "src\RoiSampler.Core\RoiSampler.Core.csproj", "{D6D5330E-543C-4159-8826-C074D8402922}"
EndProject
Project("{2150E333-8FDC-42A3-9474-1A3956D46DE8}") = "tests", "tests", "{0AB3BF05-4346-4AA6-1389-037BE0695223}"
EndProject
Project("{FAE04EC0-301F-11D3-BF4B-00C04F79EFBC}") = "RoiSampler.Tests", "tests\RoiSampler.Tests\RoiSampler.Tests.csproj", "{DE915D17-24D7-4C92-9285-69FAAF97D9C9}"
EndProject
Global
	GlobalSection(SolutionConfigurationPlatforms) = preSolution
		Debug|Any CPU = Debug|Any CPU
		Debug|x64 = Debug|x64
		Debug|x86 = Debug|x86
		Release|Any CPU = Release|Any CPU
		Release|x64 = Release|x64
		Release|x86 = Release|x86
	EndGlobalSection
	GlobalSection(ProjectConfigurationPlatforms) = postSolution
		{4273981C-72CD-4288-B46D-1EB225B70388}.Debug|Any CPU.ActiveCfg = Debug|Any CPU
		{4273981C-72CD-4288-B46D-1EB225B70388}.Debug|Any CPU.Build.0 = Debug|Any CPU
		{4273981C-72CD-4288-B46D-1EB225B70388}.Debug|x64.ActiveCfg = Debug|Any CPU
		{4273981C-72CD-4288-B46D-1EB225B70388}.Debug|x64.Build.0 = Debug|Any CPU
		{4273981C-72CD-4288-B46D-1EB225B70388}.Debug|x86.ActiveCfg = Debug|Any CPU
		{4273981C-72CD-4288-B46D-1EB225B70388}.Debug|x86.Build.0 = Debug|Any CPU
		{4273981C-72CD-4288-B46D-1EB225B70388}.Release|Any CPU.ActiveCfg = Release|Any CPU
		{4273981C-72CD-4288-B46D-1EB225B70388}.Release|Any CPU.Build.0 = Release|Any CPU
		{4273981C-72CD-4288-B46D-1EB225B70388}.Release|x64.ActiveCfg = Release|Any CPU
		{4273981C-72CD-4288-B46D-1EB225B70388}.Release|x64.Build.0 = Release|Any CPU
		{4273981C-72CD-4288-B46D-1EB225B70388}.Release|x86.ActiveCfg = Release|Any CPU
		{4273981C-72CD-4288-B46D-1EB225B70388}.Release|x86.Build.0 = Release|Any CPU
		{D6D5330E-543C-4159-8826-C074D8402922}.Debug|Any CPU.ActiveCfg = Debug|Any CPU
		{D6D5330E-543C-4159-8826-C074D8402922}.Debug|Any CPU.Build.0 = Debug|Any CPU
		{D6D5330E-543C-4159-8826-C074D8402922}.Debug|x64.ActiveCfg = Debug|Any CPU
		{D6D5330E-543C-4159-8826-C074D8402922}.Debug|x64.Build.0 = Debug|Any CPU
		{D6D5330E-543C-4159-8826-C074D8402922}.Debug|x86.ActiveCfg = Debug|Any CPU
		{D6D5330E-543C-4159-8826-C074D8402922}.Debug|x86.Build.0 = Debug|Any CPU
		{D6D5330E-543C-4159-8826-C074D8402922}.Release|Any CPU.ActiveCfg = Release|Any CPU
		{D6D5330E-543C-4159-8826-C074D8402922}.Release|Any CPU.Build.0 = Release|Any CPU
		{D6D5330E-543C-4159-8826-C074D8402922}.Release|x64.ActiveCfg = Release|Any CPU
		{D6D5330E-543C-4159-8826-C074D8402922}.Release|x64.Build.0 = Release|Any CPU
		{D6D5330E-543C-4159-8826-C074D8402922}.Release|x86.ActiveCfg = Release|Any CPU
		{D6D5330E-543C-4159-8826-C074D8402922}.Release|x86.Build.0 = Release|Any CPU
		{DE915D17-24D7-4C92-9285-69FAAF97D9C9}.Debug|Any CPU.ActiveCfg = Debug|Any CPU
		{DE915D17-24D7-4C92-9285-69FAAF97D9C9}.Debug|Any CPU.Build.0 = Debug|Any CPU
		{DE915D17-24D7-4C92-9285-69FAAF97D9C9}.Debug|x64.ActiveCfg = Debug|Any CPU
		{DE915D17-24D7-4C92-9285-69FAAF97D9C9}.Debug|x64.Build.0 = Debug|Any CPU
		{DE915D17-24D7-4C92-9285-69FAAF97D9C9}.Debug|x86.ActiveCfg = Debug|Any CPU
		{DE915D17-24D7-4C92-9285-69FAAF97D9C9}.Debug|x86.Build.0 = Debug|Any CPU
		{DE915D17-24D7-4C92-9285-69FAAF97D9C9}.Release|Any CPU.ActiveCfg = Release|Any CPU
		{DE915D17-24D7-4C92-9285-69FAAF97D9C9}.Release|Any CPU.Build.0 = Release|Any CPU
		{DE915D17-24D7-4C92-9285-69FAAF97D9C9}.Release|x64.ActiveCfg = Release|Any CPU
		{DE915D17-24D7-4C92-9285-69FAAF97D9C9}.Release|x64.Build.0 = Release|Any CPU
		{DE915D17-24D7-4C92-9285-69FAAF97D9C9}.Release|x86.ActiveCfg = Release|Any CPU
		{DE915D17-24D7-4C92-9285-69FAAF97D9C9}.Release|x86.Build.0 = Release|Any CPU
	EndGlobalSection
	GlobalSection(SolutionProperties) = preSolution
		HideSolutionNode = FALSE
	EndGlobalSection
	GlobalSection(NestedProjects) = preSolution
		{4273981C-72CD-4288-B46D-1EB225B70388} = {827E0CD3-B72D-47B6-A68D-7590B98EB39B}
		{D6D5330E-543C-4159-8826-C074D8402922} = {827E0CD3-B72D-47B6-A68D-7590B98EB39B}
		{DE915D17-24D7-4C92-9285-69FAAF97D9C9} = {0AB3BF05-4346-4AA6-1389-037BE0695223}
	EndGlobalSection
EndGlobal
